
Microsoft Visual Studio Solution File, Format Version 12.00
# Visual Studio Version 17
VisualStudioVersion = 17.8.34511.84
MinimumVisualStudioVersion = 10.0.40219.1
Project("{FAE04EC0-301F-11D3-BF4B-00C04F79EFBC}") = "HeiHua 框架", "HeiHua 框架.csproj", "{2A060A70-96BF-46F5-A8AD-5E779C37FC06}"
EndProject
Global
	GlobalSection(SolutionConfigurationPlatforms) = preSolution
		Debug|Any CPU = Debug|Any CPU
		Release|Any CPU = Release|Any CPU
	EndGlobalSection
	GlobalSection(ProjectConfigurationPlatforms) = postSolution
		{2A060A70-96BF-46F5-A8AD-5E779C37FC06}.Debug|Any CPU.ActiveCfg = Debug|Any CPU
		{2A060A70-96BF-46F5-A8AD-5E779C37FC06}.Debug|Any CPU.Build.0 = Debug|Any CPU
		{2A060A70-96BF-46F5-A8AD-5E779C37FC06}.Release|Any CPU.ActiveCfg = Release|Any CPU
		{2A060A70-96BF-46F5-A8AD-5E779C37FC06}.Release|Any CPU.Build.0 = Release|Any CPU
	EndGlobalSection
	GlobalSection(SolutionProperties) = preSolution
		HideSolutionNode = FALSE
	EndGlobalSection
	GlobalSection(ExtensibilityGlobals) = postSolution
		SolutionGuid = {8F63ADB8-E8FA-4366-B0F3-7AA016767183}
	EndGlobalSection
EndGlobal
